
Microsoft Visual Studio Solution File, Format Version 12.00
# Visual Studio Version 16
VisualStudioVersion = 16.0.28407.52
MinimumVisualStudioVersion = 10.0.40219.1
Project("{FAE04EC0-301F-11D3-BF4B-00C04F79EFBC}") = "Calculator", "Calculator\Calculator.csproj", "{267CDD60-569B-40FC-ABFB-9200A58ED441}"
EndProject
Project("{FAE04EC0-301F-11D3-BF4B-00C04F79EFBC}") = "Common", "common\Common.csproj", "{BFC040E9-0740-464C-BF53-3AF00E81EED1}"
EndProject
Project("{FAE04EC0-301F-11D3-BF4B-00C04F79EFBC}") = "AddPlugin", "AddPlugin\AddPlugin.csproj", "{F13A3411-FFF8-4C35-9363-244D398B3501}"
EndProject
Project("{FAE04EC0-301F-11D3-BF4B-00C04F79EFBC}") = "SubtractPlugin", "SubtractPlugin\SubtractPlugin.csproj", "{5B927880-33B5-49A5-BE10-C927BB3BB88B}"
EndProject
Global
	GlobalSection(SolutionConfigurationPlatforms) = preSolution
		Debug|Any CPU = Debug|Any CPU
		Release|Any CPU = Release|Any CPU
	EndGlobalSection
	GlobalSection(ProjectConfigurationPlatforms) = postSolution
		{267CDD60-569B-40FC-ABFB-9200A58ED441}.Debug|Any CPU.ActiveCfg = Debug|Any CPU
		{267CDD60-569B-40FC-ABFB-9200A58ED441}.Debug|Any CPU.Build.0 = Debug|Any CPU
		{267CDD60-569B-40FC-ABFB-9200A58ED441}.Release|Any CPU.ActiveCfg = Release|Any CPU
		{267CDD60-569B-40FC-ABFB-9200A58ED441}.Release|Any CPU.Build.0 = Release|Any CPU
		{BFC040E9-0740-464C-BF53-3AF00E81EED1}.Debug|Any CPU.ActiveCfg = Debug|Any CPU
		{BFC040E9-0740-464C-BF53-3AF00E81EED1}.Debug|Any CPU.Build.0 = Debug|Any CPU
		{BFC040E9-0740-464C-BF53-3AF00E81EED1}.Release|Any CPU.ActiveCfg = Release|Any CPU
		{BFC040E9-0740-464C-BF53-3AF00E81EED1}.Release|Any CPU.Build.0 = Release|Any CPU
		{F13A3411-FFF8-4C35-9363-244D398B3501}.Debug|Any CPU.ActiveCfg = Debug|Any CPU
		{F13A3411-FFF8-4C35-9363-244D398B3501}.Debug|Any CPU.Build.0 = Debug|Any CPU
		{F13A3411-FFF8-4C35-9363-244D398B3501}.Release|Any CPU.ActiveCfg = Release|Any CPU
		{F13A3411-FFF8-4C35-9363-244D398B3501}.Release|Any CPU.Build.0 = Release|Any CPU
		{5B927880-33B5-49A5-BE10-C927BB3BB88B}.Debug|Any CPU.ActiveCfg = Debug|Any CPU
		{5B927880-33B5-49A5-BE10-C927BB3BB88B}.Debug|Any CPU.Build.0 = Debug|Any CPU
		{5B927880-33B5-49A5-BE10-C927BB3BB88B}.Release|Any CPU.ActiveCfg = Release|Any CPU
		{5B927880-33B5-49A5-BE10-C927BB3BB88B}.Release|Any CPU.Build.0 = Release|Any CPU
	EndGlobalSection
	GlobalSection(SolutionProperties) = preSolution
		HideSolutionNode = FALSE
	EndGlobalSection
	GlobalSection(ExtensibilityGlobals) = postSolution
		SolutionGuid = {ED152C43-9BCE-4236-839B-DBC5B20E22CE}
	EndGlobalSection
EndGlobal
